
Microsoft Visual Studio Solution File, Format Version 12.00
# Visual Studio Version 17
VisualStudioVersion = 17.13.35931.197 d17.13
MinimumVisualStudioVersion = 10.0.40219.1
Project("{FAE04EC0-301F-11D3-BF4B-00C04F79EFBC}") = "Presentation", "Presentation\Presentation.csproj", "{B9D89DD7-83BF-4B15-A3D6-A82EC366378C}"
EndProject
Global
	GlobalSection(SolutionConfigurationPlatforms) = preSolution
		Debug|Any CPU = Debug|Any CPU
		Release|Any CPU = Release|Any CPU
	EndGlobalSection
	GlobalSection(ProjectConfigurationPlatforms) = postSolution
		{B9D89DD7-83BF-4B15-A3D6-A82EC366378C}.Debug|Any CPU.ActiveCfg = Debug|Any CPU
		{B9D89DD7-83BF-4B15-A3D6-A82EC366378C}.Debug|Any CPU.Build.0 = Debug|Any CPU
		{B9D89DD7-83BF-4B15-A3D6-A82EC366378C}.Release|Any CPU.ActiveCfg = Release|Any CPU
		{B9D89DD7-83BF-4B15-A3D6-A82EC366378C}.Release|Any CPU.Build.0 = Release|Any CPU
	EndGlobalSection
	GlobalSection(SolutionProperties) = preSolution
		HideSolutionNode = FALSE
	EndGlobalSection
	GlobalSection(ExtensibilityGlobals) = postSolution
		SolutionGuid = {91D0708B-C335-4F21-833F-67F8BF0B4756}
	EndGlobalSection
EndGlobal
